[root]
name = "rust_ssfi"
version = "0.1.0"
dependencies = [
 "comm 0.0.1 (git+https://github.com/mahkoh/comm)",
 "rand 0.3.8 (registry+https://github.com/rust-lang/crates.io-index)",
]

[[package]]
name = "comm"
version = "0.0.1"
source = "git+https://github.com/mahkoh/comm#8c72c9ebf828ab55cb1c8cb7dc2e1757f552053f"

[[package]]
name = "libc"
version = "0.1.8"
source = "registry+https://github.com/rust-lang/crates.io-index"

[[package]]
name = "rand"
version = "0.3.8"
source = "registry+https://github.com/rust-lang/crates.io-index"
dependencies = [
 "libc 0.1.8 (registry+https://github.com/rust-lang/crates.io-index)",
]

